
Microsoft Visual Studio Solution File, Format Version 12.00
# Visual Studio Version 17
VisualStudioVersion = 17.13.35931.197 d17.13
MinimumVisualStudioVersion = 10.0.40219.1
Project("{FAE04EC0-301F-11D3-BF4B-00C04F79EFBC}") = "lista3ex8", "lista3ex8\lista3ex8.csproj", "{A6B62577-CE8F-4136-89FB-DB5B4ED61BD4}"
EndProject
Global
	GlobalSection(SolutionConfigurationPlatforms) = preSolution
		Debug|Any CPU = Debug|Any CPU
		Release|Any CPU = Release|Any CPU
	EndGlobalSection
	GlobalSection(ProjectConfigurationPlatforms) = postSolution
		{A6B62577-CE8F-4136-89FB-DB5B4ED61BD4}.Debug|Any CPU.ActiveCfg = Debug|Any CPU
		{A6B62577-CE8F-4136-89FB-DB5B4ED61BD4}.Debug|Any CPU.Build.0 = Debug|Any CPU
		{A6B62577-CE8F-4136-89FB-DB5B4ED61BD4}.Release|Any CPU.ActiveCfg = Release|Any CPU
		{A6B62577-CE8F-4136-89FB-DB5B4ED61BD4}.Release|Any CPU.Build.0 = Release|Any CPU
	EndGlobalSection
	GlobalSection(SolutionProperties) = preSolution
		HideSolutionNode = FALSE
	EndGlobalSection
	GlobalSection(ExtensibilityGlobals) = postSolution
		SolutionGuid = {B3BD2458-65A3-4A12-A11D-7C9159490B84}
	EndGlobalSection
EndGlobal
